// !$*UTF8*$!
{
	archiveVersion = 1;
	classes = {
	};
	objectVersion = 48;
	objects = {

/* Begin PBXBuildFile section */
		21DD66A9203F5F8200C2C612 /* ViewModelProtocol.swift in Sources */ = {isa = PBXBuildFile; fileRef = 21DD66A8203F5F8200C2C612 /* ViewModelProtocol.swift */; };
		21DD66AB203F5F9E00C2C612 /* ViewModel.swift in Sources */ = {isa = PBXBuildFile; fileRef = 21DD66AA203F5F9E00C2C612 /* ViewModel.swift */; };
		21DD66AD203F670700C2C612 /* GithubAPIManager.swift in Sources */ = {isa = PBXBuildFile; fileRef = 21DD66AC203F670700C2C612 /* GithubAPIManager.swift */; };
		21DD66B1203F68AB00C2C612 /* Array.swift in Sources */ = {isa = PBXBuildFile; fileRef = 21DD66B0203F68AB00C2C612 /* Array.swift */; };
		21DF3FB4204C2B4600D47E7A /* ExtensionMainViewController.swift in Sources */ = {isa = PBXBuildFile; fileRef = 21DF3FB3204C2B4600D47E7A /* ExtensionMainViewController.swift */; };
		21FB89D8203EF08B00FF7741 /* AppDelegate.swift in Sources */ = {isa = PBXBuildFile; fileRef = 21FB89D7203EF08B00FF7741 /* AppDelegate.swift */; };
		21FB89DD203EF08B00FF7741 /* Main.storyboard in Resources */ = {isa = PBXBuildFile; fileRef = 21FB89DB203EF08B00FF7741 /* Main.storyboard */; };
		21FB89E2203EF08B00FF7741 /* LaunchScreen.storyboard in Resources */ = {isa = PBXBuildFile; fileRef = 21FB89E0203EF08B00FF7741 /* LaunchScreen.storyboard */; };
		21FB89ED203EF08B00FF7741 /* githubAPITests.swift in Sources */ = {isa = PBXBuildFile; fileRef = 21FB89EC203EF08B00FF7741 /* githubAPITests.swift */; };
		21FB89F8203EF3AA00FF7741 /* Assets.xcassets in Resources */ = {isa = PBXBuildFile; fileRef = 21FB89F7203EF3AA00FF7741 /* Assets.xcassets */; };
		21FB89FA203F02B300FF7741 /* MainViewController.swift in Sources */ = {isa = PBXBuildFile; fileRef = 21FB89F9203F02B300FF7741 /* MainViewController.swift */; };
		21FB89FD203F02DF00FF7741 /* DetailTableViewController.swift in Sources */ = {isa = PBXBuildFile; fileRef = 21FB89FC203F02DF00FF7741 /* DetailTableViewController.swift */; };
		21FB8A01203F033B00FF7741 /* Repository.swift in Sources */ = {isa = PBXBuildFile; fileRef = 21FB8A00203F033B00FF7741 /* Repository.swift */; };
		21FB8A03203F04BE00FF7741 /* RepositoryTableViewCell.swift in Sources */ = {isa = PBXBuildFile; fileRef = 21FB8A02203F04BE00FF7741 /* RepositoryTableViewCell.swift */; };
/* End PBXBuildFile section */

/* Begin PBXContainerItemProxy section */
		21FB89E9203EF08B00FF7741 /* PBXContainerItemProxy */ = {
			isa = PBXContainerItemProxy;
			containerPortal = 21FB89CC203EF08B00FF7741 /* Project object */;
			proxyType = 1;
			remoteGlobalIDString = 21FB89D3203EF08B00FF7741;
			remoteInfo = githubAPI;
		};
/* End PBXContainerItemProxy section */

/* Begin PBXFileReference section */
		21DD66A8203F5F8200C2C612 /* ViewModelProtocol.swift */ = {isa = PBXFileReference; lastKnownFileType = sourcecode.swift; path = ViewModelProtocol.swift; sourceTree = "<group>"; };
		21DD66AA203F5F9E00C2C612 /* ViewModel.swift */ = {isa = PBXFileReference; lastKnownFileType = sourcecode.swift; path = ViewModel.swift; sourceTree = "<group>"; };
		21DD66AC203F670700C2C612 /* GithubAPIManager.swift */ = {isa = PBXFileReference; lastKnownFileType = sourcecode.swift; path = GithubAPIManager.swift; sourceTree = "<group>"; };
		21DD66B0203F68AB00C2C612 /* Array.swift */ = {isa = PBXFileReference; lastKnownFileType = sourcecode.swift; path = Array.swift; sourceTree = "<group>"; };
		21DF3FB3204C2B4600D47E7A /* ExtensionMainViewController.swift */ = {isa = PBXFileReference; lastKnownFileType = sourcecode.swift; path = ExtensionMainViewController.swift; sourceTree = "<group>"; };
		21FB89D4203EF08B00FF7741 /* githubAPI.app */ = {isa = PBXFileReference; explicitFileType = wrapper.application; includeInIndex = 0; path = githubAPI.app; sourceTree = BUILT_PRODUCTS_DIR; };
		21FB89D7203EF08B00FF7741 /* AppDelegate.swift */ = {isa = PBXFileReference; lastKnownFileType = sourcecode.swift; path = AppDelegate.swift; sourceTree = "<group>"; };
		21FB89DC203EF08B00FF7741 /* Base */ = {isa = PBXFileReference; lastKnownFileType = file.storyboard; name = Base; path = Base.lproj/Main.storyboard; sourceTree = "<group>"; };
		21FB89E1203EF08B00FF7741 /* Base */ = {isa = PBXFileReference; lastKnownFileType = file.storyboard; name = Base; path = Base.lproj/LaunchScreen.storyboard; sourceTree = "<group>"; };
		21FB89E3203EF08B00FF7741 /* Info.plist */ = {isa = PBXFileReference; lastKnownFileType = text.plist.xml; path = Info.plist; sourceTree = "<group>"; };
		21FB89E8203EF08B00FF7741 /* githubAPITests.xctest */ = {isa = PBXFileReference; explicitFileType = wrapper.cfbundle; includeInIndex = 0; path = githubAPITests.xctest; sourceTree = BUILT_PRODUCTS_DIR; };
		21FB89EC203EF08B00FF7741 /* githubAPITests.swift */ = {isa = PBXFileReference; lastKnownFileType = sourcecode.swift; path = githubAPITests.swift; sourceTree = "<group>"; };
		21FB89EE203EF08B00FF7741 /* Info.plist */ = {isa = PBXFileReference; lastKnownFileType = text.plist.xml; path = Info.plist; sourceTree = "<group>"; };
		21FB89F7203EF3AA00FF7741 /* Assets.xcassets */ = {isa = PBXFileReference; lastKnownFileType = folder.assetcatalog; path = Assets.xcassets; sourceTree = "<group>"; };
		21FB89F9203F02B300FF7741 /* MainViewController.swift */ = {isa = PBXFileReference; lastKnownFileType = sourcecode.swift; path = MainViewController.swift; sourceTree = "<group>"; };
		21FB89FC203F02DF00FF7741 /* DetailTableViewController.swift */ = {isa = PBXFileReference; lastKnownFileType = sourcecode.swift; path = DetailTableViewController.swift; sourceTree = "<group>"; };
		21FB8A00203F033B00FF7741 /* Repository.swift */ = {isa = PBXFileReference; lastKnownFileType = sourcecode.swift; path = Repository.swift; sourceTree = "<group>"; };
		21FB8A02203F04BE00FF7741 /* RepositoryTableViewCell.swift */ = {isa = PBXFileReference; lastKnownFileType = sourcecode.swift; path = RepositoryTableViewCell.swift; sourceTree = "<group>"; };
/* End PBXFileReference section */

/* Begin PBXFrameworksBuildPhase section */
		21FB89D1203EF08B00FF7741 /* Frameworks */ = {
			isa = PBXFrameworksBuildPhase;
			buildActionMask = 2147483647;
			files = (
			);
			runOnlyForDeploymentPostprocessing = 0;
		};
		21FB89E5203EF08B00FF7741 /* Frameworks */ = {
			isa = PBXFrameworksBuildPhase;
			buildActionMask = 2147483647;
			files = (
			);
			runOnlyForDeploymentPostprocessing = 0;
		};
/* End PBXFrameworksBuildPhase section */

/* Begin PBXGroup section */
		21DD66A7203F1D0100C2C612 /* SupportingFiles */ = {
			isa = PBXGroup;
			children = (
				21FB89D7203EF08B00FF7741 /* AppDelegate.swift */,
				21FB89E0203EF08B00FF7741 /* LaunchScreen.storyboard */,
				21FB89E3203EF08B00FF7741 /* Info.plist */,
				21FB89F7203EF3AA00FF7741 /* Assets.xcassets */,
			);
			path = SupportingFiles;
			sourceTree = "<group>";
		};
		21DD66B2203F68B000C2C612 /* Extensions */ = {
			isa = PBXGroup;
			children = (
				21DD66B0203F68AB00C2C612 /* Array.swift */,
			);
			path = Extensions;
			sourceTree = "<group>";
		};
		21DF3FB1204C2A0600D47E7A /* MainViewController */ = {
			isa = PBXGroup;
			children = (
				21FB89F9203F02B300FF7741 /* MainViewController.swift */,
				21DF3FB3204C2B4600D47E7A /* ExtensionMainViewController.swift */,
			);
			path = MainViewController;
			sourceTree = "<group>";
		};
		21DF3FB2204C2A1400D47E7A /* DetailTableViewController */ = {
			isa = PBXGroup;
			children = (
				21FB89FC203F02DF00FF7741 /* DetailTableViewController.swift */,
			);
			path = DetailTableViewController;
			sourceTree = "<group>";
		};
		21FB89CB203EF08B00FF7741 = {
			isa = PBXGroup;
			children = (
				21FB89D6203EF08B00FF7741 /* githubAPI */,
				21FB89EB203EF08B00FF7741 /* githubAPITests */,
				21FB89D5203EF08B00FF7741 /* Products */,
			);
			sourceTree = "<group>";
		};
		21FB89D5203EF08B00FF7741 /* Products */ = {
			isa = PBXGroup;
			children = (
				21FB89D4203EF08B00FF7741 /* githubAPI.app */,
				21FB89E8203EF08B00FF7741 /* githubAPITests.xctest */,
			);
			name = Products;
			sourceTree = "<group>";
		};
		21FB89D6203EF08B00FF7741 /* githubAPI */ = {
			isa = PBXGroup;
			children = (
				21FB89FB203F02BA00FF7741 /* View */,
				21FB89FE203F02F000FF7741 /* ViewModel */,
				21FB89FF203F02FB00FF7741 /* Model */,
				21DD66B2203F68B000C2C612 /* Extensions */,
				21DD66A7203F1D0100C2C612 /* SupportingFiles */,
			);
			path = githubAPI;
			sourceTree = "<group>";
		};
		21FB89EB203EF08B00FF7741 /* githubAPITests */ = {
			isa = PBXGroup;
			children = (
				21FB89EC203EF08B00FF7741 /* githubAPITests.swift */,
				21FB89EE203EF08B00FF7741 /* Info.plist */,
			);
			path = githubAPITests;
			sourceTree = "<group>";
		};
		21FB89FB203F02BA00FF7741 /* View */ = {
			isa = PBXGroup;
			children = (
				21FB89DB203EF08B00FF7741 /* Main.storyboard */,
				21DF3FB1204C2A0600D47E7A /* MainViewController */,
				21DF3FB2204C2A1400D47E7A /* DetailTableViewController */,
				21FB8A02203F04BE00FF7741 /* RepositoryTableViewCell.swift */,
			);
			path = View;
			sourceTree = "<group>";
		};
		21FB89FE203F02F000FF7741 /* ViewModel */ = {
			isa = PBXGroup;
			children = (
				21DD66A8203F5F8200C2C612 /* ViewModelProtocol.swift */,
				21DD66AA203F5F9E00C2C612 /* ViewModel.swift */,
				21FB8A04203F065F00FF7741 /* GithubAPIManager */,
			);
			path = ViewModel;
			sourceTree = "<group>";
		};
		21FB89FF203F02FB00FF7741 /* Model */ = {
			isa = PBXGroup;
			children = (
				21FB8A00203F033B00FF7741 /* Repository.swift */,
			);
			path = Model;
			sourceTree = "<group>";
		};
		21FB8A04203F065F00FF7741 /* GithubAPIManager */ = {
			isa = PBXGroup;
			children = (
				21DD66AC203F670700C2C612 /* GithubAPIManager.swift */,
			);
			path = GithubAPIManager;
			sourceTree = "<group>";
		};
/* End PBXGroup section */

/* Begin PBXNativeTarget section */
		21FB89D3203EF08B00FF7741 /* githubAPI */ = {
			isa = PBXNativeTarget;
			buildConfigurationList = 21FB89F1203EF08B00FF7741 /* Build configuration list for PBXNativeTarget "githubAPI" */;
			buildPhases = (
				21FB89D0203EF08B00FF7741 /* Sources */,
				21FB89D1203EF08B00FF7741 /* Frameworks */,
				21FB89D2203EF08B00FF7741 /* Resources */,
			);
			buildRules = (
			);
			dependencies = (
			);
			name = githubAPI;
			productName = githubAPI;
			productReference = 21FB89D4203EF08B00FF7741 /* githubAPI.app */;
			productType = "com.apple.product-type.application";
		};
		21FB89E7203EF08B00FF7741 /* githubAPITests */ = {
			isa = PBXNativeTarget;
			buildConfigurationList = 21FB89F4203EF08B00FF7741 /* Build configuration list for PBXNativeTarget "githubAPITests" */;
			buildPhases = (
				21FB89E4203EF08B00FF7741 /* Sources */,
				21FB89E5203EF08B00FF7741 /* Frameworks */,
				21FB89E6203EF08B00FF7741 /* Resources */,
			);
			buildRules = (
			);
			dependencies = (
				21FB89EA203EF08B00FF7741 /* PBXTargetDependency */,
			);
			name = githubAPITests;
			productName = githubAPITests;
			productReference = 21FB89E8203EF08B00FF7741 /* githubAPITests.xctest */;
			productType = "com.apple.product-type.bundle.unit-test";
		};
/* End PBXNativeTarget section */

/* Begin PBXProject section */
		21FB89CC203EF08B00FF7741 /* Project object */ = {
			isa = PBXProject;
			attributes = {
				LastSwiftUpdateCheck = 0920;
				LastUpgradeCheck = 0920;
				ORGANIZATIONNAME = "Nazarii Melnyk";
				TargetAttributes = {
					21FB89D3203EF08B00FF7741 = {
						CreatedOnToolsVersion = 9.2;
						ProvisioningStyle = Automatic;
					};
					21FB89E7203EF08B00FF7741 = {
						CreatedOnToolsVersion = 9.2;
						ProvisioningStyle = Automatic;
						TestTargetID = 21FB89D3203EF08B00FF7741;
					};
				};
			};
			buildConfigurationList = 21FB89CF203EF08B00FF7741 /* Build configuration list for PBXProject "githubAPI" */;
			compatibilityVersion = "Xcode 8.0";
			developmentRegion = en;
			hasScannedForEncodings = 0;
			knownRegions = (
				en,
				Base,
			);
			mainGroup = 21FB89CB203EF08B00FF7741;
			productRefGroup = 21FB89D5203EF08B00FF7741 /* Products */;
			projectDirPath = "";
			projectRoot = "";
			targets = (
				21FB89D3203EF08B00FF7741 /* githubAPI */,
				21FB89E7203EF08B00FF7741 /* githubAPITests */,
			);
		};
/* End PBXProject section */

/* Begin PBXResourcesBuildPhase section */
		21FB89D2203EF08B00FF7741 /* Resources */ = {
			isa = PBXResourcesBuildPhase;
			buildActionMask = 2147483647;
			files = (
				21FB89E2203EF08B00FF7741 /* LaunchScreen.storyboard in Resources */,
				21FB89F8203EF3AA00FF7741 /* Assets.xcassets in Resources */,
				21FB89DD203EF08B00FF7741 /* Main.storyboard in Resources */,
			);
			runOnlyForDeploymentPostprocessing = 0;
		};
		21FB89E6203EF08B00FF7741 /* Resources */ = {
			isa = PBXResourcesBuildPhase;
			buildActionMask = 2147483647;
			files = (
			);
			runOnlyForDeploymentPostprocessing = 0;
		};
/* End PBXResourcesBuildPhase section */

/* Begin PBXSourcesBuildPhase section */
		21FB89D0203EF08B00FF7741 /* Sources */ = {
			isa = PBXSourcesBuildPhase;
			buildActionMask = 2147483647;
			files = (
				21DD66B1203F68AB00C2C612 /* Array.swift in Sources */,
				21FB89D8203EF08B00FF7741 /* AppDelegate.swift in Sources */,
				21DD66AD203F670700C2C612 /* GithubAPIManager.swift in Sources */,
				21FB89FA203F02B300FF7741 /* MainViewController.swift in Sources */,
				21FB89FD203F02DF00FF7741 /* DetailTableViewController.swift in Sources */,
				21DD66A9203F5F8200C2C612 /* ViewModelProtocol.swift in Sources */,
				21FB8A03203F04BE00FF7741 /* RepositoryTableViewCell.swift in Sources */,
				21DD66AB203F5F9E00C2C612 /* ViewModel.swift in Sources */,
				21FB8A01203F033B00FF7741 /* Repository.swift in Sources */,
				21DF3FB4204C2B4600D47E7A /* ExtensionMainViewController.swift in Sources */,
			);
			runOnlyForDeploymentPostprocessing = 0;
		};
		21FB89E4203EF08B00FF7741 /* Sources */ = {
			isa = PBXSourcesBuildPhase;
			buildActionMask = 2147483647;
			files = (
				21FB89ED203EF08B00FF7741 /* githubAPITests.swift in Sources */,
			);
			runOnlyForDeploymentPostprocessing = 0;
		};
/* End PBXSourcesBuildPhase section */

/* Begin PBXTargetDependency section */
		21FB89EA203EF08B00FF7741 /* PBXTargetDependency */ = {
			isa = PBXTargetDependency;
			target = 21FB89D3203EF08B00FF7741 /* githubAPI */;
			targetProxy = 21FB89E9203EF08B00FF7741 /* PBXContainerItemProxy */;
		};
/* End PBXTargetDependency section */

/* Begin PBXVariantGroup section */
		21FB89DB203EF08B00FF7741 /* Main.storyboard */ = {
			isa = PBXVariantGroup;
			children = (
				21FB89DC203EF08B00FF7741 /* Base */,
			);
			name = Main.storyboard;
			sourceTree = "<group>";
		};
		21FB89E0203EF08B00FF7741 /* LaunchScreen.storyboard */ = {
			isa = PBXVariantGroup;
			children = (
				21FB89E1203EF08B00FF7741 /* Base */,
			);
			name = LaunchScreen.storyboard;
			sourceTree = "<group>";
		};
/* End PBXVariantGroup section */

/* Begin XCBuildConfiguration section */
		21FB89EF203EF08B00FF7741 /* Debug */ = {
			isa = XCBuildConfiguration;
			buildSettings = {
				ALWAYS_SEARCH_USER_PATHS = NO;
				CLANG_ANALYZER_NONNULL = YES;
				CLANG_ANALYZER_NUMBER_OBJECT_CONVERSION = YES_AGGRESSIVE;
				CLANG_CXX_LANGUAGE_STANDARD = "gnu++14";
				CLANG_CXX_LIBRARY = "libc++";
				CLANG_ENABLE_MODULES = YES;
				CLANG_ENABLE_OBJC_ARC = YES;
				CLANG_WARN_BLOCK_CAPTURE_AUTORELEASING = YES;
				CLANG_WARN_BOOL_CONVERSION = YES;
				CLANG_WARN_COMMA = YES;
				CLANG_WARN_CONSTANT_CONVERSION = YES;
				CLANG_WARN_DIRECT_OBJC_ISA_USAGE = YES_ERROR;
				CLANG_WARN_DOCUMENTATION_COMMENTS = YES;
				CLANG_WARN_EMPTY_BODY = YES;
				CLANG_WARN_ENUM_CONVERSION = YES;
				CLANG_WARN_INFINITE_RECURSION = YES;
				CLANG_WARN_INT_CONVERSION = YES;
				CLANG_WARN_NON_LITERAL_NULL_CONVERSION = YES;
				CLANG_WARN_OBJC_LITERAL_CONVERSION = YES;
				CLANG_WARN_OBJC_ROOT_CLASS = YES_ERROR;
				CLANG_WARN_RANGE_LOOP_ANALYSIS = YES;
				CLANG_WARN_STRICT_PROTOTYPES = YES;
				CLANG_WARN_SUSPICIOUS_MOVE = YES;
				CLANG_WARN_UNGUARDED_AVAILABILITY = YES_AGGRESSIVE;
				CLANG_WARN_UNREACHABLE_CODE = YES;
				CLANG_WARN__DUPLICATE_METHOD_MATCH = YES;
				CODE_SIGN_IDENTITY = "iPhone Developer";
				COPY_PHASE_STRIP = NO;
				DEBUG_INFORMATION_FORMAT = dwarf;
				ENABLE_STRICT_OBJC_MSGSEND = YES;
				ENABLE_TESTABILITY = YES;
				GCC_C_LANGUAGE_STANDARD = gnu11;
				GCC_DYNAMIC_NO_PIC = NO;
				GCC_NO_COMMON_BLOCKS = YES;
				GCC_OPTIMIZATION_LEVEL = 0;
				GCC_PREPROCESSOR_DEFINITIONS = (
					"DEBUG=1",
					"$(inherited)",
				);
				GCC_WARN_64_TO_32_BIT_CONVERSION = YES;
				GCC_WARN_ABOUT_RETURN_TYPE = YES_ERROR;
				GCC_WARN_UNDECLARED_SELECTOR = YES;
				GCC_WARN_UNINITIALIZED_AUTOS = YES_AGGRESSIVE;
				GCC_WARN_UNUSED_FUNCTION = YES;
				GCC_WARN_UNUSED_VARIABLE = YES;
				IPHONEOS_DEPLOYMENT_TARGET = 11.2;
				MTL_ENABLE_DEBUG_INFO = YES;
				ONLY_ACTIVE_ARCH = YES;
				SDKROOT = iphoneos;
				SWIFT_ACTIVE_COMPILATION_CONDITIONS = DEBUG;
				SWIFT_OPTIMIZATION_LEVEL = "-Onone";
			};
			name = Debug;
		};
		21FB89F0203EF08B00FF7741 /* Release */ = {
			isa = XCBuildConfiguration;
			buildSettings = {
				ALWAYS_SEARCH_USER_PATHS = NO;
				CLANG_ANALYZER_NONNULL = YES;
				CLANG_ANALYZER_NUMBER_OBJECT_CONVERSION = YES_AGGRESSIVE;
				CLANG_CXX_LANGUAGE_STANDARD = "gnu++14";
				CLANG_CXX_LIBRARY = "libc++";
				CLANG_ENABLE_MODULES = YES;
				CLANG_ENABLE_OBJC_ARC = YES;
				CLANG_WARN_BLOCK_CAPTURE_AUTORELEASING = YES;
				CLANG_WARN_BOOL_CONVERSION = YES;
				CLANG_WARN_COMMA = YES;
				CLANG_WARN_CONSTANT_CONVERSION = YES;
				CLANG_WARN_DIRECT_OBJC_ISA_USAGE = YES_ERROR;
				CLANG_WARN_DOCUMENTATION_COMMENTS = YES;
				CLANG_WARN_EMPTY_BODY = YES;
				CLANG_WARN_ENUM_CONVERSION = YES;
				CLANG_WARN_INFINITE_RECURSION = YES;
				CLANG_WARN_INT_CONVERSION = YES;
				CLANG_WARN_NON_LITERAL_NULL_CONVERSION = YES;
				CLANG_WARN_OBJC_LITERAL_CONVERSION = YES;
				CLANG_WARN_OBJC_ROOT_CLASS = YES_ERROR;
				CLANG_WARN_RANGE_LOOP_ANALYSIS = YES;
				CLANG_WARN_STRICT_PROTOTYPES = YES;
				CLANG_WARN_SUSPICIOUS_MOVE = YES;
				CLANG_WARN_UNGUARDED_AVAILABILITY = YES_AGGRESSIVE;
				CLANG_WARN_UNREACHABLE_CODE = YES;
				CLANG_WARN__DUPLICATE_METHOD_MATCH = YES;
				CODE_SIGN_IDENTITY = "iPhone Developer";
				COPY_PHASE_STRIP = NO;
				DEBUG_INFORMATION_FORMAT = "dwarf-with-dsym";
				ENABLE_NS_ASSERTIONS = NO;
				ENABLE_STRICT_OBJC_MSGSEND = YES;
				GCC_C_LANGUAGE_STANDARD = gnu11;
				GCC_NO_COMMON_BLOCKS = YES;
				GCC_WARN_64_TO_32_BIT_CONVERSION = YES;
				GCC_WARN_ABOUT_RETURN_TYPE = YES_ERROR;
				GCC_WARN_UNDECLARED_SELECTOR = YES;
				GCC_WARN_UNINITIALIZED_AUTOS = YES_AGGRESSIVE;
				GCC_WARN_UNUSED_FUNCTION = YES;
				GCC_WARN_UNUSED_VARIABLE = YES;
				IPHONEOS_DEPLOYMENT_TARGET = 11.2;
				MTL_ENABLE_DEBUG_INFO = NO;
				SDKROOT = iphoneos;
				SWIFT_OPTIMIZATION_LEVEL = "-Owholemodule";
				VALIDATE_PRODUCT = YES;
			};
			name = Release;
		};
		21FB89F2203EF08B00FF7741 /* Debug */ = {
			isa = XCBuildConfiguration;
			buildSettings = {
				ASSETCATALOG_COMPILER_APPICON_NAME = AppIcon;
				CODE_SIGN_STYLE = Automatic;
				DEVELOPMENT_TEAM = 44VNSS7L2X;
				INFOPLIST_FILE = "$(SRCROOT)/githubAPI/SupportingFiles/Info.plist";
				LD_RUNPATH_SEARCH_PATHS = "$(inherited) @executable_path/Frameworks";
				PRODUCT_BUNDLE_IDENTIFIER = isidar.githubAPI;
				PRODUCT_NAME = "$(TARGET_NAME)";
				SWIFT_VERSION = 4.0;
				TARGETED_DEVICE_FAMILY = "1,2";
			};
			name = Debug;
		};
		21FB89F3203EF08B00FF7741 /* Release */ = {
			isa = XCBuildConfiguration;
			buildSettings = {
				ASSETCATALOG_COMPILER_APPICON_NAME = AppIcon;
				CODE_SIGN_STYLE = Automatic;
				DEVELOPMENT_TEAM = 44VNSS7L2X;
				INFOPLIST_FILE = "$(SRCROOT)/githubAPI/SupportingFiles/Info.plist";
				LD_RUNPATH_SEARCH_PATHS = "$(inherited) @executable_path/Frameworks";
				PRODUCT_BUNDLE_IDENTIFIER = isidar.githubAPI;
				PRODUCT_NAME = "$(TARGET_NAME)";
				SWIFT_VERSION = 4.0;
				TARGETED_DEVICE_FAMILY = "1,2";
			};
			name = Release;
		};
		21FB89F5203EF08B00FF7741 /* Debug */ = {
			isa = XCBuildConfiguration;
			buildSettings = {
				ALWAYS_EMBED_SWIFT_STANDARD_LIBRARIES = YES;
				BUNDLE_LOADER = "$(TEST_HOST)";
				CODE_SIGN_STYLE = Automatic;
				DEVELOPMENT_TEAM = 44VNSS7L2X;
				INFOPLIST_FILE = githubAPITests/Info.plist;
				LD_RUNPATH_SEARCH_PATHS = "$(inherited) @executable_path/Frameworks @loader_path/Frameworks";
				PRODUCT_BUNDLE_IDENTIFIER = isidar.githubAPITests;
				PRODUCT_NAME = "$(TARGET_NAME)";
				SWIFT_VERSION = 4.0;
				TARGETED_DEVICE_FAMILY = "1,2";
				TEST_HOST = "$(BUILT_PRODUCTS_DIR)/githubAPI.app/githubAPI";
			};
			name = Debug;
		};
		21FB89F6203EF08B00FF7741 /* Release */ = {
			isa = XCBuildConfiguration;
			buildSettings = {
				ALWAYS_EMBED_SWIFT_STANDARD_LIBRARIES = YES;
				BUNDLE_LOADER = "$(TEST_HOST)";
				CODE_SIGN_STYLE = Automatic;
				DEVELOPMENT_TEAM = 44VNSS7L2X;
				INFOPLIST_FILE = githubAPITests/Info.plist;
				LD_RUNPATH_SEARCH_PATHS = "$(inherited) @executable_path/Frameworks @loader_path/Frameworks";
				PRODUCT_BUNDLE_IDENTIFIER = isidar.githubAPITests;
				PRODUCT_NAME = "$(TARGET_NAME)";
				SWIFT_VERSION = 4.0;
				TARGETED_DEVICE_FAMILY = "1,2";
				TEST_HOST = "$(BUILT_PRODUCTS_DIR)/githubAPI.app/githubAPI";
			};
			name = Release;
		};
/* End XCBuildConfiguration section */

/* Begin XCConfigurationList section */
		21FB89CF203EF08B00FF7741 /* Build configuration list for PBXProject "githubAPI" */ = {
			isa = XCConfigurationList;
			buildConfigurations = (
				21FB89EF203EF08B00FF7741 /* Debug */,
				21FB89F0203EF08B00FF7741 /* Release */,
			);
			defaultConfigurationIsVisible = 0;
			defaultConfigurationName = Release;
		};
		21FB89F1203EF08B00FF7741 /* Build configuration list for PBXNativeTarget "githubAPI" */ = {
			isa = XCConfigurationList;
			buildConfigurations = (
				21FB89F2203EF08B00FF7741 /* Debug */,
				21FB89F3203EF08B00FF7741 /* Release */,
			);
			defaultConfigurationIsVisible = 0;
			defaultConfigurationName = Release;
		};
		21FB89F4203EF08B00FF7741 /* Build configuration list for PBXNativeTarget "githubAPITests" */ = {
			isa = XCConfigurationList;
			buildConfigurations = (
				21FB89F5203EF08B00FF7741 /* Debug */,
				21FB89F6203EF08B00FF7741 /* Release */,
			);
			defaultConfigurationIsVisible = 0;
			defaultConfigurationName = Release;
		};
/* End XCConfigurationList section */
	};
	rootObject = 21FB89CC203EF08B00FF7741 /* Project object */;
}
